
Microsoft Visual Studio Solution File, Format Version 12.00
# Visual Studio Version 16
VisualStudioVersion = 16.0.31613.86
MinimumVisualStudioVersion = 10.0.40219.1
Project("{FAE04EC0-301F-11D3-BF4B-00C04F79EFBC}") = "Github_Test", "Github_Test\Github_Test.csproj", "{5A732981-C633-43ED-A40B-93788FFD4BE1}"
EndProject
Global
	GlobalSection(SolutionConfigurationPlatforms) = preSolution
		Debug|Any CPU = Debug|Any CPU
		Release|Any CPU = Release|Any CPU
	EndGlobalSection
	GlobalSection(ProjectConfigurationPlatforms) = postSolution
		{5A732981-C633-43ED-A40B-93788FFD4BE1}.Debug|Any CPU.ActiveCfg = Debug|Any CPU
		{5A732981-C633-43ED-A40B-93788FFD4BE1}.Debug|Any CPU.Build.0 = Debug|Any CPU
		{5A732981-C633-43ED-A40B-93788FFD4BE1}.Release|Any CPU.ActiveCfg = Release|Any CPU
		{5A732981-C633-43ED-A40B-93788FFD4BE1}.Release|Any CPU.Build.0 = Release|Any CPU
	EndGlobalSection
	GlobalSection(SolutionProperties) = preSolution
		HideSolutionNode = FALSE
	EndGlobalSection
	GlobalSection(ExtensibilityGlobals) = postSolution
		SolutionGuid = {E0DD667E-F0BF-4194-9F2D-B6262ED66ADF}
	EndGlobalSection
EndGlobal
